
Microsoft Visual Studio Solution File, Format Version 12.00
# Visual Studio Version 16
VisualStudioVersion = 16.0.808.1
MinimumVisualStudioVersion = 10.0.40219.1
Project("{FAE04EC0-301F-11D3-BF4B-00C04F79EFBC}") = "ReservationMobileApp.Android", "ReservationMobileApp.Android\ReservationMobileApp.Android.csproj", "{834DA04C-43BD-4D71-9354-F47FFB1AB9E1}"
EndProject
Project("{FAE04EC0-301F-11D3-BF4B-00C04F79EFBC}") = "ReservationMobileApp.iOS", "ReservationMobileApp.iOS\ReservationMobileApp.iOS.csproj", "{13C1BFCA-192B-4C1B-AD67-AD9C3F1662F1}"
EndProject
Project("{9A19103F-16F7-4668-BE54-9A1E7A4F7556}") = "ReservationMobileApp", "ReservationMobileApp\ReservationMobileApp.csproj", "{7E9600C4-60BC-493A-9E8C-2A6E2E159AD6}"
EndProject
Global
	GlobalSection(SolutionConfigurationPlatforms) = preSolution
		Debug|Any CPU = Debug|Any CPU
		Debug|iPhone = Debug|iPhone
		Debug|iPhoneSimulator = Debug|iPhoneSimulator
		Release|Any CPU = Release|Any CPU
		Release|iPhone = Release|iPhone
		Release|iPhoneSimulator = Release|iPhoneSimulator
	EndGlobalSection
	GlobalSection(ProjectConfigurationPlatforms) = postSolution
		{834DA04C-43BD-4D71-9354-F47FFB1AB9E1}.Debug|Any CPU.ActiveCfg = Debug|Any CPU
		{834DA04C-43BD-4D71-9354-F47FFB1AB9E1}.Debug|Any CPU.Build.0 = Debug|Any CPU
		{834DA04C-43BD-4D71-9354-F47FFB1AB9E1}.Debug|Any CPU.Deploy.0 = Debug|Any CPU
		{834DA04C-43BD-4D71-9354-F47FFB1AB9E1}.Debug|iPhone.ActiveCfg = Debug|Any CPU
		{834DA04C-43BD-4D71-9354-F47FFB1AB9E1}.Debug|iPhone.Build.0 = Debug|Any CPU
		{834DA04C-43BD-4D71-9354-F47FFB1AB9E1}.Debug|iPhoneSimulator.ActiveCfg = Debug|Any CPU
		{834DA04C-43BD-4D71-9354-F47FFB1AB9E1}.Debug|iPhoneSimulator.Build.0 = Debug|Any CPU
		{834DA04C-43BD-4D71-9354-F47FFB1AB9E1}.Release|Any CPU.ActiveCfg = Release|Any CPU
		{834DA04C-43BD-4D71-9354-F47FFB1AB9E1}.Release|Any CPU.Build.0 = Release|Any CPU
		{834DA04C-43BD-4D71-9354-F47FFB1AB9E1}.Release|iPhone.ActiveCfg = Release|Any CPU
		{834DA04C-43BD-4D71-9354-F47FFB1AB9E1}.Release|iPhone.Build.0 = Release|Any CPU
		{834DA04C-43BD-4D71-9354-F47FFB1AB9E1}.Release|iPhoneSimulator.ActiveCfg = Release|Any CPU
		{834DA04C-43BD-4D71-9354-F47FFB1AB9E1}.Release|iPhoneSimulator.Build.0 = Release|Any CPU
		{13C1BFCA-192B-4C1B-AD67-AD9C3F1662F1}.Debug|Any CPU.ActiveCfg = Debug|iPhoneSimulator
		{13C1BFCA-192B-4C1B-AD67-AD9C3F1662F1}.Debug|Any CPU.Build.0 = Debug|iPhoneSimulator
		{13C1BFCA-192B-4C1B-AD67-AD9C3F1662F1}.Debug|iPhone.ActiveCfg = Debug|iPhone
		{13C1BFCA-192B-4C1B-AD67-AD9C3F1662F1}.Debug|iPhone.Build.0 = Debug|iPhone
		{13C1BFCA-192B-4C1B-AD67-AD9C3F1662F1}.Debug|iPhoneSimulator.ActiveCfg = Debug|iPhoneSimulator
		{13C1BFCA-192B-4C1B-AD67-AD9C3F1662F1}.Debug|iPhoneSimulator.Build.0 = Debug|iPhoneSimulator
		{13C1BFCA-192B-4C1B-AD67-AD9C3F1662F1}.Release|Any CPU.ActiveCfg = Release|iPhoneSimulator
		{13C1BFCA-192B-4C1B-AD67-AD9C3F1662F1}.Release|Any CPU.Build.0 = Release|iPhoneSimulator
		{13C1BFCA-192B-4C1B-AD67-AD9C3F1662F1}.Release|iPhone.ActiveCfg = Release|iPhone
		{13C1BFCA-192B-4C1B-AD67-AD9C3F1662F1}.Release|iPhone.Build.0 = Release|iPhone
		{13C1BFCA-192B-4C1B-AD67-AD9C3F1662F1}.Release|iPhoneSimulator.ActiveCfg = Release|iPhoneSimulator
		{13C1BFCA-192B-4C1B-AD67-AD9C3F1662F1}.Release|iPhoneSimulator.Build.0 = Release|iPhoneSimulator
		{7E9600C4-60BC-493A-9E8C-2A6E2E159AD6}.Debug|Any CPU.ActiveCfg = Debug|Any CPU
		{7E9600C4-60BC-493A-9E8C-2A6E2E159AD6}.Debug|Any CPU.Build.0 = Debug|Any CPU
		{7E9600C4-60BC-493A-9E8C-2A6E2E159AD6}.Debug|iPhone.ActiveCfg = Debug|Any CPU
		{7E9600C4-60BC-493A-9E8C-2A6E2E159AD6}.Debug|iPhone.Build.0 = Debug|Any CPU
		{7E9600C4-60BC-493A-9E8C-2A6E2E159AD6}.Debug|iPhoneSimulator.ActiveCfg = Debug|Any CPU
		{7E9600C4-60BC-493A-9E8C-2A6E2E159AD6}.Debug|iPhoneSimulator.Build.0 = Debug|Any CPU
		{7E9600C4-60BC-493A-9E8C-2A6E2E159AD6}.Release|Any CPU.ActiveCfg = Release|Any CPU
		{7E9600C4-60BC-493A-9E8C-2A6E2E159AD6}.Release|Any CPU.Build.0 = Release|Any CPU
		{7E9600C4-60BC-493A-9E8C-2A6E2E159AD6}.Release|iPhone.ActiveCfg = Release|Any CPU
		{7E9600C4-60BC-493A-9E8C-2A6E2E159AD6}.Release|iPhone.Build.0 = Release|Any CPU
		{7E9600C4-60BC-493A-9E8C-2A6E2E159AD6}.Release|iPhoneSimulator.ActiveCfg = Release|Any CPU
		{7E9600C4-60BC-493A-9E8C-2A6E2E159AD6}.Release|iPhoneSimulator.Build.0 = Release|Any CPU
	EndGlobalSection
	GlobalSection(SolutionProperties) = preSolution
		HideSolutionNode = FALSE
	EndGlobalSection
	GlobalSection(ExtensibilityGlobals) = postSolution
		SolutionGuid = {2DF9090B-3207-490D-A7E2-93611AF8D3AF}
	EndGlobalSection
EndGlobal
